
Microsoft Visual Studio Solution File, Format Version 12.00
# Visual Studio Version 17
VisualStudioVersion = 17.7.34221.43
MinimumVisualStudioVersion = 10.0.40219.1
Project("{FAE04EC0-301F-11D3-BF4B-00C04F79EFBC}") = "SistemaDeTarefas", "SistemaDeTarefas\SistemaDeTarefas.csproj", "{63A2E52A-DAB6-4CCA-B2AC-A418FFC7792B}"
EndProject
Global
	GlobalSection(SolutionConfigurationPlatforms) = preSolution
		Debug|Any CPU = Debug|Any CPU
		Release|Any CPU = Release|Any CPU
	EndGlobalSection
	GlobalSection(ProjectConfigurationPlatforms) = postSolution
		{63A2E52A-DAB6-4CCA-B2AC-A418FFC7792B}.Debug|Any CPU.ActiveCfg = Debug|Any CPU
		{63A2E52A-DAB6-4CCA-B2AC-A418FFC7792B}.Debug|Any CPU.Build.0 = Debug|Any CPU
		{63A2E52A-DAB6-4CCA-B2AC-A418FFC7792B}.Release|Any CPU.ActiveCfg = Release|Any CPU
		{63A2E52A-DAB6-4CCA-B2AC-A418FFC7792B}.Release|Any CPU.Build.0 = Release|Any CPU
	EndGlobalSection
	GlobalSection(SolutionProperties) = preSolution
		HideSolutionNode = FALSE
	EndGlobalSection
	GlobalSection(ExtensibilityGlobals) = postSolution
		SolutionGuid = {4FE2DBCA-B9EC-401D-97BC-AEB34D846FF8}
	EndGlobalSection
EndGlobal
